
Microsoft Visual Studio Solution File, Format Version 12.00
# Visual Studio Version 17
VisualStudioVersion = 17.11.35327.3
MinimumVisualStudioVersion = 10.0.40219.1
Project("{9A19103F-16F7-4668-BE54-9A1E7A4F7556}") = "BulkyApp", "BulkyApp\BulkyApp.csproj", "{3F666F18-8AA2-4A3D-9687-889D7D811803}"
EndProject
Project("{FAE04EC0-301F-11D3-BF4B-00C04F79EFBC}") = "Bulky.DataAccess", "Bulky.DataAccess\Bulky.DataAccess.csproj", "{B10C8FF9-50AD-4820-8D99-BB85469A0173}"
EndProject
Project("{FAE04EC0-301F-11D3-BF4B-00C04F79EFBC}") = "Bulky.Models", "Bulky.Models\Bulky.Models.csproj", "{860F6CAB-491A-4E04-81A1-BE0C11F8C4CD}"
EndProject
Project("{FAE04EC0-301F-11D3-BF4B-00C04F79EFBC}") = "Bulky.Utility", "Bulky.Utility\Bulky.Utility.csproj", "{15627F1E-20BE-4EC3-ACF8-D9D34C1209CA}"
EndProject
Global
	GlobalSection(SolutionConfigurationPlatforms) = preSolution
		Debug|Any CPU = Debug|Any CPU
		Release|Any CPU = Release|Any CPU
	EndGlobalSection
	GlobalSection(ProjectConfigurationPlatforms) = postSolution
		{3F666F18-8AA2-4A3D-9687-889D7D811803}.Debug|Any CPU.ActiveCfg = Debug|Any CPU
		{3F666F18-8AA2-4A3D-9687-889D7D811803}.Debug|Any CPU.Build.0 = Debug|Any CPU
		{3F666F18-8AA2-4A3D-9687-889D7D811803}.Release|Any CPU.ActiveCfg = Release|Any CPU
		{3F666F18-8AA2-4A3D-9687-889D7D811803}.Release|Any CPU.Build.0 = Release|Any CPU
		{B10C8FF9-50AD-4820-8D99-BB85469A0173}.Debug|Any CPU.ActiveCfg = Debug|Any CPU
		{B10C8FF9-50AD-4820-8D99-BB85469A0173}.Debug|Any CPU.Build.0 = Debug|Any CPU
		{B10C8FF9-50AD-4820-8D99-BB85469A0173}.Release|Any CPU.ActiveCfg = Release|Any CPU
		{B10C8FF9-50AD-4820-8D99-BB85469A0173}.Release|Any CPU.Build.0 = Release|Any CPU
		{860F6CAB-491A-4E04-81A1-BE0C11F8C4CD}.Debug|Any CPU.ActiveCfg = Debug|Any CPU
		{860F6CAB-491A-4E04-81A1-BE0C11F8C4CD}.Debug|Any CPU.Build.0 = Debug|Any CPU
		{860F6CAB-491A-4E04-81A1-BE0C11F8C4CD}.Release|Any CPU.ActiveCfg = Release|Any CPU
		{860F6CAB-491A-4E04-81A1-BE0C11F8C4CD}.Release|Any CPU.Build.0 = Release|Any CPU
		{15627F1E-20BE-4EC3-ACF8-D9D34C1209CA}.Debug|Any CPU.ActiveCfg = Debug|Any CPU
		{15627F1E-20BE-4EC3-ACF8-D9D34C1209CA}.Debug|Any CPU.Build.0 = Debug|Any CPU
		{15627F1E-20BE-4EC3-ACF8-D9D34C1209CA}.Release|Any CPU.ActiveCfg = Release|Any CPU
		{15627F1E-20BE-4EC3-ACF8-D9D34C1209CA}.Release|Any CPU.Build.0 = Release|Any CPU
	EndGlobalSection
	GlobalSection(SolutionProperties) = preSolution
		HideSolutionNode = FALSE
	EndGlobalSection
	GlobalSection(ExtensibilityGlobals) = postSolution
		SolutionGuid = {9FEB175C-6D0F-4BC1-B1F7-9196493E418C}
	EndGlobalSection
EndGlobal
